
Microsoft Visual Studio Solution File, Format Version 12.00
# Visual Studio 2017
Project("{FAE04EC0-301F-11D3-BF4B-00C04F79EFBC}") = "PlaneThing", "PlaneThing.csproj", "{53A07AE6-5C4B-DEA0-0028-AD5B9D4782F6}"
EndProject
Project("{FAE04EC0-301F-11D3-BF4B-00C04F79EFBC}") = "PlaneThing.Editor", "PlaneThing.Editor.csproj", "{15BF69B7-F05B-5592-E4DD-59EED0FB7DFE}"
EndProject
Global
	GlobalSection(SolutionConfigurationPlatforms) = preSolution
		Debug|Any CPU = Debug|Any CPU
		Release|Any CPU = Release|Any CPU
	EndGlobalSection
	GlobalSection(ProjectConfigurationPlatforms) = postSolution
		{53A07AE6-5C4B-DEA0-0028-AD5B9D4782F6}.Debug|Any CPU.ActiveCfg = Debug|Any CPU
		{53A07AE6-5C4B-DEA0-0028-AD5B9D4782F6}.Debug|Any CPU.Build.0 = Debug|Any CPU
		{53A07AE6-5C4B-DEA0-0028-AD5B9D4782F6}.Release|Any CPU.ActiveCfg = Release|Any CPU
		{53A07AE6-5C4B-DEA0-0028-AD5B9D4782F6}.Release|Any CPU.Build.0 = Release|Any CPU
		{15BF69B7-F05B-5592-E4DD-59EED0FB7DFE}.Debug|Any CPU.ActiveCfg = Debug|Any CPU
		{15BF69B7-F05B-5592-E4DD-59EED0FB7DFE}.Debug|Any CPU.Build.0 = Debug|Any CPU
		{15BF69B7-F05B-5592-E4DD-59EED0FB7DFE}.Release|Any CPU.ActiveCfg = Release|Any CPU
		{15BF69B7-F05B-5592-E4DD-59EED0FB7DFE}.Release|Any CPU.Build.0 = Release|Any CPU
	EndGlobalSection
	GlobalSection(SolutionProperties) = preSolution
		HideSolutionNode = FALSE
	EndGlobalSection
EndGlobal
